github.com/davecgh/go-spew v1.1.0 h1:ZDRjVQ15GmhC3fiQ8ni8+OwkZQO4DARzQgrnXU1Liz8=
github.com/davecgh/go-spew v1.1.0/go.mod h1:J7Y8YcW2NihsgmVo/mv3lAwl/skON4iLHjSsI+c5H38=
github.com/google/uuid v1.6.0 h1:NIvaJDMOsjHA8n1jAhLSgzrAzy1Hgr+hNrb57e+94F0=
github.com/google/uuid v1.6.0/go.mod h1:TIyPZe4MgqvfeYDBFedMoGGpEw/LqOeaOT+nhxU+yHo=
github.com/iFaceless/godub v0.0.0-20200728093528-a30bb4d1a0f1 h1:oqeURuHQrImMykykqJgFbStlaDXyY7JpXXrwXyjr9ls=
github.com/iFaceless/godub v0.0.0-20200728093528-a30bb4d1a0f1/go.mod h1:tKRg0K9YmfD3eD6KFos+YHIVMouKMzxDSK5XpdxdCUI=
github.com/pmezard/go-difflib v1.0.0 h1:4DBwDE0NGyQoBHbLQYPwSUPoCMWR5BEzIk/f1lZbAQM=
github.com/pmezard/go-difflib v1.0.0/go.mod h1:iKH77koFhYxTK1pcRnkKkqfTogsbg7gZNVY4sRDYZ/4=
github.com/stretchr/testify v1.2.2 h1:bSDNvY7ZPG5RlJ8otE/7V6gMiyenm9RtJ7IUVIAoJ1w=
github.com/stretchr/testify v1.2.2/go.mod h1:a8OnRcib4nhh0OaRAV+Yts87kKdq0PP7pXfy6kDkUVs=
github.com/tink-ab/tempfile v0.0.0-20180226111222-33beb0518f1a h1:Qhm/9UKGO1+AjEKIsq8G72uCq4SrYxSxS5wiD0F3IC4=
github.com/tink-ab/tempfile v0.0.0-20180226111222-33beb0518f1a/go.mod h1:Wt5qSdcHgX6XkqZKAZTxnN+93jnqtx0jEgTQakpZ1CE=
github.com/xigh/go-waveform v0.0.0-20230307103547-f044b8311c3f h1:2ciCr56txasfOQ2hjtF8+INq9hLBESuJWXQqt+khrTY=
github.com/xigh/go-waveform v0.0.0-20230307103547-f044b8311c3f/go.mod h1:pA14zkQ2YBqdNxF9WnPFm/RgjcBAaDpBSEyABsiUJuk=
github.com/xigh/go-wavreader v0.0.0-20210516212152-f49019aa7352 h1:iK7SnIgPre4wrUN7HpIhZpfP7884mcc7CQS3FeyGTes=
github.com/xigh/go-wavreader v0.0.0-20210516212152-f49019aa7352/go.mod h1:SiPEYpvfimzIRkLfaOYXVNGbQGVmgQZ6BQHcKyj/iic=
